
Microsoft Visual Studio Solution File, Format Version 12.00
# Visual Studio Version 17
VisualStudioVersion = 17.7.34031.279
MinimumVisualStudioVersion = 10.0.40219.1
Project("{FAE04EC0-301F-11D3-BF4B-00C04F79EFBC}") = "NUMEROS PAR O IMPAR", "NUMEROS PAR O IMPAR\NUMEROS PAR O IMPAR.csproj", "{D55D97A5-2867-4C43-9D88-91A983CC229B}"
EndProject
Global
	GlobalSection(SolutionConfigurationPlatforms) = preSolution
		Debug|Any CPU = Debug|Any CPU
		Release|Any CPU = Release|Any CPU
	EndGlobalSection
	GlobalSection(ProjectConfigurationPlatforms) = postSolution
		{D55D97A5-2867-4C43-9D88-91A983CC229B}.Debug|Any CPU.ActiveCfg = Debug|Any CPU
		{D55D97A5-2867-4C43-9D88-91A983CC229B}.Debug|Any CPU.Build.0 = Debug|Any CPU
		{D55D97A5-2867-4C43-9D88-91A983CC229B}.Release|Any CPU.ActiveCfg = Release|Any CPU
		{D55D97A5-2867-4C43-9D88-91A983CC229B}.Release|Any CPU.Build.0 = Release|Any CPU
	EndGlobalSection
	GlobalSection(SolutionProperties) = preSolution
		HideSolutionNode = FALSE
	EndGlobalSection
	GlobalSection(ExtensibilityGlobals) = postSolution
		SolutionGuid = {CF4D93CB-0360-449A-85A7-09F183D00E50}
	EndGlobalSection
EndGlobal
